
Microsoft Visual Studio Solution File, Format Version 12.00
# Visual Studio Version 17
VisualStudioVersion = 17.3.32901.215
MinimumVisualStudioVersion = 10.0.40219.1
Project("{FAE04EC0-301F-11D3-BF4B-00C04F79EFBC}") = "SchoolDB", "SchoolDB\SchoolDB.csproj", "{8E4C82B0-BB47-4C34-9ED6-49B4B7EDBBE9}"
EndProject
Global
	GlobalSection(SolutionConfigurationPlatforms) = preSolution
		Debug|Any CPU = Debug|Any CPU
		Release|Any CPU = Release|Any CPU
	EndGlobalSection
	GlobalSection(ProjectConfigurationPlatforms) = postSolution
		{8E4C82B0-BB47-4C34-9ED6-49B4B7EDBBE9}.Debug|Any CPU.ActiveCfg = Debug|Any CPU
		{8E4C82B0-BB47-4C34-9ED6-49B4B7EDBBE9}.Debug|Any CPU.Build.0 = Debug|Any CPU
		{8E4C82B0-BB47-4C34-9ED6-49B4B7EDBBE9}.Release|Any CPU.ActiveCfg = Release|Any CPU
		{8E4C82B0-BB47-4C34-9ED6-49B4B7EDBBE9}.Release|Any CPU.Build.0 = Release|Any CPU
	EndGlobalSection
	GlobalSection(SolutionProperties) = preSolution
		HideSolutionNode = FALSE
	EndGlobalSection
	GlobalSection(ExtensibilityGlobals) = postSolution
		SolutionGuid = {C3078CD5-F523-404D-8417-E8476E5B2878}
	EndGlobalSection
EndGlobal
